{
  "version": 4,
  "terraform_version": "0.12.9",
  "serial": 44,
  "lineage": "a9899b00-a473-c700-ca14-107af07f2571",
  "outputs": {},
  "resources": [
    {
      "mode": "managed",
      "type": "google_compute_firewall",
      "name": "allow-http",
      "provider": "provider.google",
      "instances": [
        {
          "schema_version": 1,
          "attributes": {
            "allow": [
              {
                "ports": [
                  "8080"
                ],
                "protocol": "tcp"
              }
            ],
            "creation_timestamp": "2019-10-01T02:53:00.588-07:00",
            "deny": [],
            "description": "",
            "destination_ranges": [],
            "direction": "INGRESS",
            "disabled": false,
            "id": "http-server",
            "name": "http-server",
            "network": "https://www.googleapis.com/compute/v1/projects/terraform-1-125/global/networks/default",
            "priority": 1000,
            "project": "terraform-1-125",
            "self_link": "https://www.googleapis.com/compute/v1/projects/terraform-1-125/global/firewalls/http-server",
            "source_ranges": [
              "0.0.0.0/0"
            ],
            "source_service_accounts": [],
            "source_tags": [],
            "target_service_accounts": [],
            "target_tags": [
              "http-server",
              "jenkins"
            ],
            "timeouts": null
          },
          "private": "eyJlMmJmYjczMC1lY2FhLTExZTYtOGY4OC0zNDM2M2JjN2M0YzAiOnsiY3JlYXRlIjoyNDAwMDAwMDAwMDAsImRlbGV0ZSI6MjQwMDAwMDAwMDAwLCJ1cGRhdGUiOjI0MDAwMDAwMDAwMH0sInNjaGVtYV92ZXJzaW9uIjoiMSJ9"
        }
      ]
    },
    {
      "mode": "managed",
      "type": "google_compute_instance",
      "name": "jenkins",
      "provider": "provider.google",
      "instances": [
        {
          "status": "tainted",
          "schema_version": 6,
          "attributes": {
            "allow_stopping_for_update": null,
            "attached_disk": [],
            "boot_disk": [
              {
                "auto_delete": true,
                "device_name": "persistent-disk-0",
                "disk_encryption_key_raw": "",
                "disk_encryption_key_sha256": "",
                "initialize_params": [
                  {
                    "image": "https://www.googleapis.com/compute/v1/projects/centos-cloud/global/images/centos-7-v20190916",
                    "labels": {},
                    "size": 10,
                    "type": "pd-standard"
                  }
                ],
                "kms_key_self_link": "",
                "mode": "READ_WRITE",
                "source": "https://www.googleapis.com/compute/v1/projects/terraform-1-125/zones/europe-west4-a/disks/jenkins"
              }
            ],
            "can_ip_forward": false,
            "cpu_platform": "Intel Skylake",
            "deletion_protection": false,
            "description": "",
            "disk": [],
            "guest_accelerator": [],
            "hostname": "",
            "id": "jenkins",
            "instance_id": "5480037951574284355",
            "label_fingerprint": "42WmSpB8rSM=",
            "labels": null,
            "machine_type": "g1-small",
            "metadata": {
              "sshKeys": "petro:ssh-rsa AAAAB3NzaC1yc2EAAAADAQABAAABAQCwBIFkZ6q3cBg86W+oVsBEPG/kvRCaJRKDA7p3bQrdj/2WE8sx7ZsgTKWaYXj5UUKpncXj5PYUbnaO01aWkgAsexr1btYekJZLB5MPijIluMeRVUX8FWtB6Q4hFZgs5aw7a3sBH49y2izjuYBIBgjRu8FvvSvY9CvuQqOwBHvoeWEeZOonjxc0+kGoWoQIfL38EJnqLoKDQd5w3KENmYcXyOrHHCbpHQ2gJc5yRZ+x9vxsGclzUplT+XjBv+syk9yndvmdHTc+kyC/3oiIQEl1/k2xabBpXCFuoHh1JJiCgFJMt2ED+TDj4lsW85JqFZEBHXXllRiNDRSE48n/uyhB duzinkevych@instance-1\n"
            },
            "metadata_fingerprint": "myVciQaHkag=",
            "metadata_startup_script": "",
            "min_cpu_platform": "",
            "name": "jenkins",
            "network_interface": [
              {
                "access_config": [
                  {
                    "assigned_nat_ip": "",
                    "nat_ip": "35.204.198.98",
                    "network_tier": "PREMIUM",
                    "public_ptr_domain_name": ""
                  }
                ],
                "address": "",
                "alias_ip_range": [],
                "name": "nic0",
                "network": "https://www.googleapis.com/compute/v1/projects/terraform-1-125/global/networks/default",
                "network_ip": "10.164.0.10",
                "subnetwork": "https://www.googleapis.com/compute/v1/projects/terraform-1-125/regions/europe-west4/subnetworks/default",
                "subnetwork_project": "terraform-1-125"
              }
            ],
            "project": "terraform-1-125",
            "scheduling": [
              {
                "automatic_restart": true,
                "node_affinities": [],
                "on_host_maintenance": "MIGRATE",
                "preemptible": false
              }
            ],
            "scratch_disk": [],
            "self_link": "https://www.googleapis.com/compute/v1/projects/terraform-1-125/zones/europe-west4-a/instances/jenkins",
            "service_account": [],
            "shielded_instance_config": [],
            "tags": [
              "http-server",
              "jenkins"
            ],
            "tags_fingerprint": "74fLrx2fvgE=",
            "timeouts": null,
            "zone": "europe-west4-a"
          },
          "private": "eyJlMmJmYjczMC1lY2FhLTExZTYtOGY4OC0zNDM2M2JjN2M0YzAiOnsiY3JlYXRlIjoxMjAwMDAwMDAwMDAwLCJkZWxldGUiOjEyMDAwMDAwMDAwMDAsInVwZGF0ZSI6MTIwMDAwMDAwMDAwMH0sInNjaGVtYV92ZXJzaW9uIjoiNiJ9"
        }
      ]
    }
  ]
}
